{ "name": "sample-app", "lockfileVersion": 3,
  "packages": {
    "": { "name": "sample-app", "version": "1.0.0" },
    "node_modules/express": { "version": "4.18.2", "resolved": "https://registry.npmjs.org/express/-/express-4.18.2.tgz" },
    "node_modules/lodash": { "version": "4.17.21" },
    "node_modules/@babel/core": { "version": "7.22.5" },
    "node_modules/minimist": { "version": "1.2.8" }
  } }
